{
  "version": 2,
  "dependencies": {
    "net10.0": {
      "Microsoft.ApplicationInsights": {
        "type": "Direct",
        "requested": "[2.23.0, )",
        "resolved": "2.23.0",
        "contentHash": "nWArUZTdU7iqZLycLKWe0TDms48KKGE6pONH2terYNa8REXiqixrMOkf1sk5DHGMaUTqONU2YkS4SAXBhLStgw=="
      },
      "NLog": {
        "type": "Direct",
        "requested": "[6.1.0, )",
        "resolved": "6.1.0",
        "contentHash": "K4UdxS4fuJeCM0sm+JTXWoJgOtcXX7X5kvE94bR07UB8JOB6A2+ski7q1tf2qdv+N0H3gsoWtteScJCHa3+zpw=="
      },
      "System.Text.Json": {
        "type": "Direct",
        "requested": "[10.0.2, )",
        "resolved": "10.0.2",
        "contentHash": "zy8ey7I16G9neZ6uzxrnYwS7pidElzN8XarsBjGu7lE2m7afTKMEe18KbY3ZSmh/z/bR40oxjd6hlUcmOEaMHw=="
      }
    }
  }
}